
Microsoft Visual Studio Solution File, Format Version 12.00
# Visual Studio Version 17
VisualStudioVersion = 17.5.33530.505
MinimumVisualStudioVersion = 10.0.40219.1
Project("{9A19103F-16F7-4668-BE54-9A1E7A4F7556}") = "GeniusIdiot", "GeniusIdiot\GeniusIdiot.csproj", "{D83E63AD-5210-48D2-AD35-D674142E715E}"
EndProject
Project("{2150E333-8FDC-42A3-9474-1A3956D46DE8}") = "Solution Items", "Solution Items", "{DEAC9DF0-98BC-432C-8785-766F28F4A836}"
	ProjectSection(SolutionItems) = preProject
		.editorconfig = .editorconfig
	EndProjectSection
EndProject
Project("{9A19103F-16F7-4668-BE54-9A1E7A4F7556}") = "GeniusIdiotWinForm", "GeniusIdiotWinForm\GeniusIdiotWinForm.csproj", "{AC03B9B6-270D-4CFE-BFC3-BB2D602E8EC9}"
EndProject
Project("{FAE04EC0-301F-11D3-BF4B-00C04F79EFBC}") = "GeniusIdiot.Common", "GeniusIdiot.Common\GeniusIdiot.Common.csproj", "{FAAECCB1-028A-4C82-B31E-EE5A104282EE}"
EndProject
Global
	GlobalSection(SolutionConfigurationPlatforms) = preSolution
		Debug|Any CPU = Debug|Any CPU
		Release|Any CPU = Release|Any CPU
	EndGlobalSection
	GlobalSection(ProjectConfigurationPlatforms) = postSolution
		{D83E63AD-5210-48D2-AD35-D674142E715E}.Debug|Any CPU.ActiveCfg = Debug|Any CPU
		{D83E63AD-5210-48D2-AD35-D674142E715E}.Debug|Any CPU.Build.0 = Debug|Any CPU
		{D83E63AD-5210-48D2-AD35-D674142E715E}.Release|Any CPU.ActiveCfg = Release|Any CPU
		{D83E63AD-5210-48D2-AD35-D674142E715E}.Release|Any CPU.Build.0 = Release|Any CPU
		{AC03B9B6-270D-4CFE-BFC3-BB2D602E8EC9}.Debug|Any CPU.ActiveCfg = Debug|Any CPU
		{AC03B9B6-270D-4CFE-BFC3-BB2D602E8EC9}.Debug|Any CPU.Build.0 = Debug|Any CPU
		{AC03B9B6-270D-4CFE-BFC3-BB2D602E8EC9}.Release|Any CPU.ActiveCfg = Release|Any CPU
		{AC03B9B6-270D-4CFE-BFC3-BB2D602E8EC9}.Release|Any CPU.Build.0 = Release|Any CPU
		{FAAECCB1-028A-4C82-B31E-EE5A104282EE}.Debug|Any CPU.ActiveCfg = Debug|Any CPU
		{FAAECCB1-028A-4C82-B31E-EE5A104282EE}.Debug|Any CPU.Build.0 = Debug|Any CPU
		{FAAECCB1-028A-4C82-B31E-EE5A104282EE}.Release|Any CPU.ActiveCfg = Release|Any CPU
		{FAAECCB1-028A-4C82-B31E-EE5A104282EE}.Release|Any CPU.Build.0 = Release|Any CPU
	EndGlobalSection
	GlobalSection(SolutionProperties) = preSolution
		HideSolutionNode = FALSE
	EndGlobalSection
	GlobalSection(ExtensibilityGlobals) = postSolution
		SolutionGuid = {8B211734-01D9-4D83-9E73-5D8461D17924}
	EndGlobalSection
EndGlobal
