
Microsoft Visual Studio Solution File, Format Version 12.00
# Visual Studio Version 17
VisualStudioVersion = 17.6.33829.357
MinimumVisualStudioVersion = 10.0.40219.1
Project("{FAE04EC0-301F-11D3-BF4B-00C04F79EFBC}") = "2048WinFormsApp", "2048WinFormsApp\2048WinFormsApp.csproj", "{E6471A88-69C6-41EE-A8B2-6F73C249C04C}"
EndProject
Global
	GlobalSection(SolutionConfigurationPlatforms) = preSolution
		Debug|Any CPU = Debug|Any CPU
		Release|Any CPU = Release|Any CPU
	EndGlobalSection
	GlobalSection(ProjectConfigurationPlatforms) = postSolution
		{E6471A88-69C6-41EE-A8B2-6F73C249C04C}.Debug|Any CPU.ActiveCfg = Debug|Any CPU
		{E6471A88-69C6-41EE-A8B2-6F73C249C04C}.Debug|Any CPU.Build.0 = Debug|Any CPU
		{E6471A88-69C6-41EE-A8B2-6F73C249C04C}.Release|Any CPU.ActiveCfg = Release|Any CPU
		{E6471A88-69C6-41EE-A8B2-6F73C249C04C}.Release|Any CPU.Build.0 = Release|Any CPU
	EndGlobalSection
	GlobalSection(SolutionProperties) = preSolution
		HideSolutionNode = FALSE
	EndGlobalSection
	GlobalSection(ExtensibilityGlobals) = postSolution
		SolutionGuid = {EDE3BA41-B82E-4ACB-A2B8-1E4CF874B356}
	EndGlobalSection
EndGlobal
